// !$*UTF8*$!
{
	archiveVersion = 1;
	classes = {
	};
	objectVersion = 46;
	objects = {

/* Begin PBXAggregateTarget section */
		0538392E5607465E82FF05E5 /* ZERO_CHECK */ = {
			isa = PBXAggregateTarget;
			buildConfigurationList = AE80A10011F84C07B57BE0A8 /* Build configuration list for PBXAggregateTarget "ZERO_CHECK" */;
			buildPhases = (
				F0EE2CC1AB204586A7C53CFC /* CMake Rules */,
			);
			dependencies = (
			);
			name = ZERO_CHECK;
			productName = ZERO_CHECK;
		};
		12AD9B6C9537474B95C9D043 /* ALL_BUILD */ = {
			isa = PBXAggregateTarget;
			buildConfigurationList = F99B22A451C04F06A35E0262 /* Build configuration list for PBXAggregateTarget "ALL_BUILD" */;
			buildPhases = (
				7BB00789D1374D1492F49E47 /* CMake Rules */,
			);
			dependencies = (
				743F47BAC08741F8AF7B517C /* PBXTargetDependency */,
				3C517BD8BADE4A0D8AAB82EC /* PBXTargetDependency */,
			);
			name = ALL_BUILD;
			productName = ALL_BUILD;
		};
		8227F3B9C07F4996A8DC87D9 /* install */ = {
			isa = PBXAggregateTarget;
			buildConfigurationList = 9049DCB04BE145A4967F8EAB /* Build configuration list for PBXAggregateTarget "install" */;
			buildPhases = (
				C5419B94238A4B81BE29A510 /* CMake PostBuild Rules */,
			);
			dependencies = (
				3942193DB5A94AD385F32334 /* PBXTargetDependency */,
			);
			name = install;
			productName = install;
		};
		A206882B953C454AAEF9A298 /* uninstall */ = {
			isa = PBXAggregateTarget;
			buildConfigurationList = 33F4EB8D2DBB4037BE2A6DF5 /* Build configuration list for PBXAggregateTarget "uninstall" */;
			buildPhases = (
				2B4868C7ED6B4E81A8A06E22 /* CMake Rules */,
			);
			dependencies = (
				355B2DDC1E68438B86C6069C /* PBXTargetDependency */,
			);
			name = uninstall;
			productName = uninstall;
		};
/* End PBXAggregateTarget section */

/* Begin PBXBuildFile section */
		018AD4BF9F244A2796C682FC /* /Users/samtake/Documents/GitHub/openGLredBook9th/lib/glfw/src/context.c */ = {isa = PBXBuildFile; fileRef = 8527B0D4808243239A46A3D7 /* /Users/samtake/Documents/GitHub/openGLredBook9th/lib/glfw/src/context.c */; };
		099839E7C9AB459E8F38266A /* /Users/samtake/Documents/GitHub/openGLredBook9th/lib/glfw/src/iokit_joystick.m */ = {isa = PBXBuildFile; fileRef = A67E03F4676944AD9E30C4D1 /* /Users/samtake/Documents/GitHub/openGLredBook9th/lib/glfw/src/iokit_joystick.m */; };
		11D900A612F44B5D8F37BAFE /* /Users/samtake/Documents/GitHub/openGLredBook9th/xcodeProj/lib/glfw/src/glfw_config.h */ = {isa = PBXBuildFile; fileRef = 25541631155D4B0BB9831C29 /* /Users/samtake/Documents/GitHub/openGLredBook9th/xcodeProj/lib/glfw/src/glfw_config.h */; };
		125C5F43856B497FA9B13459 /* /Users/samtake/Documents/GitHub/openGLredBook9th/lib/glfw/src/nsgl_context.h */ = {isa = PBXBuildFile; fileRef = F0898F052F324265AE4684D7 /* /Users/samtake/Documents/GitHub/openGLredBook9th/lib/glfw/src/nsgl_context.h */; };
		1C18BEE0499D40369A470E7E /* /Users/samtake/Documents/GitHub/openGLredBook9th/lib/glfw/src/monitor.c */ = {isa = PBXBuildFile; fileRef = 3FD17E8195CB47EC934F87E1 /* /Users/samtake/Documents/GitHub/openGLredBook9th/lib/glfw/src/monitor.c */; };
		46C0905DE52D44C5912FD991 /* /Users/samtake/Documents/GitHub/openGLredBook9th/lib/glfw/src/mach_time.c */ = {isa = PBXBuildFile; fileRef = 20F636444FAB4269B8085571 /* /Users/samtake/Documents/GitHub/openGLredBook9th/lib/glfw/src/mach_time.c */; };
		54587458FB6845A2A93C4FD3 /* /Users/samtake/Documents/GitHub/openGLredBook9th/lib/glfw/src/internal.h */ = {isa = PBXBuildFile; fileRef = 0ABDAFE37D754A949D6489B1 /* /Users/samtake/Documents/GitHub/openGLredBook9th/lib/glfw/src/internal.h */; };
		57AA4759E21D4E9D9BD04D95 /* /Users/samtake/Documents/GitHub/openGLredBook9th/lib/glfw/src/CMakeLists.txt */ = {isa = PBXBuildFile; fileRef = 2BFCBEFB55CC49FB9495418A /* /Users/samtake/Documents/GitHub/openGLredBook9th/lib/glfw/src/CMakeLists.txt */; };
		657E9860BFE24672B30CD6B6 /* /Users/samtake/Documents/GitHub/openGLredBook9th/lib/glfw/src/cocoa_window.m */ = {isa = PBXBuildFile; fileRef = 9D25C317B5054160A9717004 /* /Users/samtake/Documents/GitHub/openGLredBook9th/lib/glfw/src/cocoa_window.m */; };
		6A33E1F912A74F0CBE37DDF0 /* /Users/samtake/Documents/GitHub/openGLredBook9th/lib/glfw/src/iokit_joystick.h */ = {isa = PBXBuildFile; fileRef = 2AFA3C15479B45719FD3CB30 /* /Users/samtake/Documents/GitHub/openGLredBook9th/lib/glfw/src/iokit_joystick.h */; };
		73E367E151014E7B9E39B4D4 /* /Users/samtake/Documents/GitHub/openGLredBook9th/lib/glfw/src/cocoa_monitor.m */ = {isa = PBXBuildFile; fileRef = 5F7B305A88544ADE9E0E5DD4 /* /Users/samtake/Documents/GitHub/openGLredBook9th/lib/glfw/src/cocoa_monitor.m */; };
		78A2E6C45B1A4177BEC676C5 /* /Users/samtake/Documents/GitHub/openGLredBook9th/lib/glfw/src/init.c */ = {isa = PBXBuildFile; fileRef = 6913423DBC1C418FB2371C10 /* /Users/samtake/Documents/GitHub/openGLredBook9th/lib/glfw/src/init.c */; };
		867282FBB292459DAF4F7543 /* /Users/samtake/Documents/GitHub/openGLredBook9th/lib/glfw/include/GLFW/glfw3native.h */ = {isa = PBXBuildFile; fileRef = 79A2A97A659C4C06A77690A3 /* /Users/samtake/Documents/GitHub/openGLredBook9th/lib/glfw/include/GLFW/glfw3native.h */; };
		A2390C814B514D5BA4773864 /* /Users/samtake/Documents/GitHub/openGLredBook9th/lib/glfw/src/cocoa_platform.h */ = {isa = PBXBuildFile; fileRef = 8A443D55FB1C449F99A8DD54 /* /Users/samtake/Documents/GitHub/openGLredBook9th/lib/glfw/src/cocoa_platform.h */; };
		B03CE746BD9D4E7485475046 /* /Users/samtake/Documents/GitHub/openGLredBook9th/lib/glfw/src/posix_tls.c */ = {isa = PBXBuildFile; fileRef = EC7612637C2E4B0099FD3E1F /* /Users/samtake/Documents/GitHub/openGLredBook9th/lib/glfw/src/posix_tls.c */; };
		C05538EC66CB4F4194EBAE3B /* /Users/samtake/Documents/GitHub/openGLredBook9th/lib/glfw/include/GLFW/glfw3.h */ = {isa = PBXBuildFile; fileRef = FD95FA48F3BE46CB8B3FC11D /* /Users/samtake/Documents/GitHub/openGLredBook9th/lib/glfw/include/GLFW/glfw3.h */; };
		CBCFDD007CDC425399807731 /* /Users/samtake/Documents/GitHub/openGLredBook9th/lib/glfw/src/posix_tls.h */ = {isa = PBXBuildFile; fileRef = 041EDE6F51884C099AC4E99F /* /Users/samtake/Documents/GitHub/openGLredBook9th/lib/glfw/src/posix_tls.h */; };
		CFA98E4205B643E781998492 /* /Users/samtake/Documents/GitHub/openGLredBook9th/lib/glfw/src/cocoa_init.m */ = {isa = PBXBuildFile; fileRef = 0C2DB8CED662427390C767B6 /* /Users/samtake/Documents/GitHub/openGLredBook9th/lib/glfw/src/cocoa_init.m */; };
		D2B3D4C0E95242E5BC98E0AE /* /Users/samtake/Documents/GitHub/openGLredBook9th/lib/glfw/src/nsgl_context.m */ = {isa = PBXBuildFile; fileRef = 7899B96A1D824796AC774837 /* /Users/samtake/Documents/GitHub/openGLredBook9th/lib/glfw/src/nsgl_context.m */; };
		D52598F87D704B78B41E19F4 /* /Users/samtake/Documents/GitHub/openGLredBook9th/lib/glfw/src/input.c */ = {isa = PBXBuildFile; fileRef = 125F5639628A410798049193 /* /Users/samtake/Documents/GitHub/openGLredBook9th/lib/glfw/src/input.c */; };
		E719943CCC604D5CA45D0A49 /* /Users/samtake/Documents/GitHub/openGLredBook9th/lib/glfw/src/window.c */ = {isa = PBXBuildFile; fileRef = AF362623F56F4AB4B2196843 /* /Users/samtake/Documents/GitHub/openGLredBook9th/lib/glfw/src/window.c */; };
/* End PBXBuildFile section */

/* Begin PBXBuildStyle section */
		3B1157E941FA47388B2F3BE6 /* MinSizeRel */ = {
			isa = PBXBuildStyle;
			buildSettings = {
				COPY_PHASE_STRIP = NO;
			};
			name = MinSizeRel;
		};
		98FC66C3422A416BB4759B24 /* Release */ = {
			isa = PBXBuildStyle;
			buildSettings = {
				COPY_PHASE_STRIP = NO;
			};
			name = Release;
		};
		A9776499878E44279A3DBA85 /* RelWithDebInfo */ = {
			isa = PBXBuildStyle;
			buildSettings = {
				COPY_PHASE_STRIP = NO;
			};
			name = RelWithDebInfo;
		};
		AFCE1497C7784A0DA296C061 /* Debug */ = {
			isa = PBXBuildStyle;
			buildSettings = {
				COPY_PHASE_STRIP = NO;
			};
			name = Debug;
		};
/* End PBXBuildStyle section */

/* Begin PBXContainerItemProxy section */
		4CED32E5EADF48F1A7B41B5C /* PBXContainerItemProxy */ = {
			isa = PBXContainerItemProxy;
			containerPortal = 755AE79B78D146ADABA113C0 /* Project object */;
			proxyType = 1;
			remoteGlobalIDString = 0538392E5607465E82FF05E5;
			remoteInfo = ZERO_CHECK;
		};
		665A234E160843BD859BADA5 /* PBXContainerItemProxy */ = {
			isa = PBXContainerItemProxy;
			containerPortal = 755AE79B78D146ADABA113C0 /* Project object */;
			proxyType = 1;
			remoteGlobalIDString = 0538392E5607465E82FF05E5;
			remoteInfo = ZERO_CHECK;
		};
		B179B83F259B419193B8947B /* PBXContainerItemProxy */ = {
			isa = PBXContainerItemProxy;
			containerPortal = 755AE79B78D146ADABA113C0 /* Project object */;
			proxyType = 1;
			remoteGlobalIDString = C0255A115CA64092A9DDE304;
			remoteInfo = glfw;
		};
		E9D762FBEDA74AD7A1C78E64 /* PBXContainerItemProxy */ = {
			isa = PBXContainerItemProxy;
			containerPortal = 755AE79B78D146ADABA113C0 /* Project object */;
			proxyType = 1;
			remoteGlobalIDString = 12AD9B6C9537474B95C9D043;
			remoteInfo = ALL_BUILD;
		};
/* End PBXContainerItemProxy section */

/* Begin PBXFileReference section */
		041EDE6F51884C099AC4E99F /* /Users/samtake/Documents/GitHub/openGLredBook9th/lib/glfw/src/posix_tls.h */ = {isa = PBXFileReference; explicitFileType = sourcecode.c.h; fileEncoding = 4; name = posix_tls.h; path = src/posix_tls.h; sourceTree = SOURCE_ROOT; };
		0ABDAFE37D754A949D6489B1 /* /Users/samtake/Documents/GitHub/openGLredBook9th/lib/glfw/src/internal.h */ = {isa = PBXFileReference; explicitFileType = sourcecode.c.h; fileEncoding = 4; name = internal.h; path = src/internal.h; sourceTree = SOURCE_ROOT; };
		0C2DB8CED662427390C767B6 /* /Users/samtake/Documents/GitHub/openGLredBook9th/lib/glfw/src/cocoa_init.m */ = {isa = PBXFileReference; explicitFileType = sourcecode.c.objc; fileEncoding = 4; name = cocoa_init.m; path = src/cocoa_init.m; sourceTree = SOURCE_ROOT; };
		125F5639628A410798049193 /* /Users/samtake/Documents/GitHub/openGLredBook9th/lib/glfw/src/input.c */ = {isa = PBXFileReference; explicitFileType = sourcecode.c.c; fileEncoding = 4; name = input.c; path = src/input.c; sourceTree = SOURCE_ROOT; };
		1BFF7CCE32DE452F980E0F74 /* glfw */ = {isa = PBXFileReference; explicitFileType = archive.ar; path = libglfw3_d.a; sourceTree = BUILT_PRODUCTS_DIR; };
		20F636444FAB4269B8085571 /* /Users/samtake/Documents/GitHub/openGLredBook9th/lib/glfw/src/mach_time.c */ = {isa = PBXFileReference; explicitFileType = sourcecode.c.c; fileEncoding = 4; name = mach_time.c; path = src/mach_time.c; sourceTree = SOURCE_ROOT; };
		25541631155D4B0BB9831C29 /* /Users/samtake/Documents/GitHub/openGLredBook9th/xcodeProj/lib/glfw/src/glfw_config.h */ = {isa = PBXFileReference; explicitFileType = sourcecode.c.h; fileEncoding = 4; name = glfw_config.h; path = ../../xcodeProj/lib/glfw/src/glfw_config.h; sourceTree = SOURCE_ROOT; };
		2AFA3C15479B45719FD3CB30 /* /Users/samtake/Documents/GitHub/openGLredBook9th/lib/glfw/src/iokit_joystick.h */ = {isa = PBXFileReference; explicitFileType = sourcecode.c.h; fileEncoding = 4; name = iokit_joystick.h; path = src/iokit_joystick.h; sourceTree = SOURCE_ROOT; };
		2BFCBEFB55CC49FB9495418A /* /Users/samtake/Documents/GitHub/openGLredBook9th/lib/glfw/src/CMakeLists.txt */ = {isa = PBXFileReference; explicitFileType = sourcecode.text; fileEncoding = 4; name = CMakeLists.txt; path = src/CMakeLists.txt; sourceTree = SOURCE_ROOT; };
		3FD17E8195CB47EC934F87E1 /* /Users/samtake/Documents/GitHub/openGLredBook9th/lib/glfw/src/monitor.c */ = {isa = PBXFileReference; explicitFileType = sourcecode.c.c; fileEncoding = 4; name = monitor.c; path = src/monitor.c; sourceTree = SOURCE_ROOT; };
		47C81E12C384449BAC4D438C /* /Users/samtake/Documents/GitHub/openGLredBook9th/lib/glfw/CMakeLists.txt */ = {isa = PBXFileReference; explicitFileType = sourcecode.text; fileEncoding = 4; name = CMakeLists.txt; path = CMakeLists.txt; sourceTree = SOURCE_ROOT; };
		5F7B305A88544ADE9E0E5DD4 /* /Users/samtake/Documents/GitHub/openGLredBook9th/lib/glfw/src/cocoa_monitor.m */ = {isa = PBXFileReference; explicitFileType = sourcecode.c.objc; fileEncoding = 4; name = cocoa_monitor.m; path = src/cocoa_monitor.m; sourceTree = SOURCE_ROOT; };
		6913423DBC1C418FB2371C10 /* /Users/samtake/Documents/GitHub/openGLredBook9th/lib/glfw/src/init.c */ = {isa = PBXFileReference; explicitFileType = sourcecode.c.c; fileEncoding = 4; name = init.c; path = src/init.c; sourceTree = SOURCE_ROOT; };
		7899B96A1D824796AC774837 /* /Users/samtake/Documents/GitHub/openGLredBook9th/lib/glfw/src/nsgl_context.m */ = {isa = PBXFileReference; explicitFileType = sourcecode.c.objc; fileEncoding = 4; name = nsgl_context.m; path = src/nsgl_context.m; sourceTree = SOURCE_ROOT; };
		79A2A97A659C4C06A77690A3 /* /Users/samtake/Documents/GitHub/openGLredBook9th/lib/glfw/include/GLFW/glfw3native.h */ = {isa = PBXFileReference; explicitFileType = sourcecode.c.h; fileEncoding = 4; name = glfw3native.h; path = include/GLFW/glfw3native.h; sourceTree = SOURCE_ROOT; };
		8527B0D4808243239A46A3D7 /* /Users/samtake/Documents/GitHub/openGLredBook9th/lib/glfw/src/context.c */ = {isa = PBXFileReference; explicitFileType = sourcecode.c.c; fileEncoding = 4; name = context.c; path = src/context.c; sourceTree = SOURCE_ROOT; };
		8A443D55FB1C449F99A8DD54 /* /Users/samtake/Documents/GitHub/openGLredBook9th/lib/glfw/src/cocoa_platform.h */ = {isa = PBXFileReference; explicitFileType = sourcecode.c.h; fileEncoding = 4; name = cocoa_platform.h; path = src/cocoa_platform.h; sourceTree = SOURCE_ROOT; };
		9D25C317B5054160A9717004 /* /Users/samtake/Documents/GitHub/openGLredBook9th/lib/glfw/src/cocoa_window.m */ = {isa = PBXFileReference; explicitFileType = sourcecode.c.objc; fileEncoding = 4; name = cocoa_window.m; path = src/cocoa_window.m; sourceTree = SOURCE_ROOT; };
		A67E03F4676944AD9E30C4D1 /* /Users/samtake/Documents/GitHub/openGLredBook9th/lib/glfw/src/iokit_joystick.m */ = {isa = PBXFileReference; explicitFileType = sourcecode.c.objc; fileEncoding = 4; name = iokit_joystick.m; path = src/iokit_joystick.m; sourceTree = SOURCE_ROOT; };
		AF362623F56F4AB4B2196843 /* /Users/samtake/Documents/GitHub/openGLredBook9th/lib/glfw/src/window.c */ = {isa = PBXFileReference; explicitFileType = sourcecode.c.c; fileEncoding = 4; name = window.c; path = src/window.c; sourceTree = SOURCE_ROOT; };
		D9E99C9895A04523AB0D6DE0 /* /Users/samtake/Documents/GitHub/openGLredBook9th/lib/glfw/CMakeLists.txt */ = {isa = PBXFileReference; explicitFileType = sourcecode.text; fileEncoding = 4; name = CMakeLists.txt; path = CMakeLists.txt; sourceTree = SOURCE_ROOT; };
		EC7612637C2E4B0099FD3E1F /* /Users/samtake/Documents/GitHub/openGLredBook9th/lib/glfw/src/posix_tls.c */ = {isa = PBXFileReference; explicitFileType = sourcecode.c.c; fileEncoding = 4; name = posix_tls.c; path = src/posix_tls.c; sourceTree = SOURCE_ROOT; };
		F0898F052F324265AE4684D7 /* /Users/samtake/Documents/GitHub/openGLredBook9th/lib/glfw/src/nsgl_context.h */ = {isa = PBXFileReference; explicitFileType = sourcecode.c.h; fileEncoding = 4; name = nsgl_context.h; path = src/nsgl_context.h; sourceTree = SOURCE_ROOT; };
		FD95FA48F3BE46CB8B3FC11D /* /Users/samtake/Documents/GitHub/openGLredBook9th/lib/glfw/include/GLFW/glfw3.h */ = {isa = PBXFileReference; explicitFileType = sourcecode.c.h; fileEncoding = 4; name = glfw3.h; path = include/GLFW/glfw3.h; sourceTree = SOURCE_ROOT; };
/* End PBXFileReference section */

/* Begin PBXGroup section */
		2291C5F553E64173A37FA7AB /* CMake Rules */ = {
			isa = PBXGroup;
			children = (
			);
			name = "CMake Rules";
			sourceTree = "<group>";
		};
		2453F0986EDF4ED38C57ADF0 /* Header Files */ = {
			isa = PBXGroup;
			children = (
				FD95FA48F3BE46CB8B3FC11D /* /Users/samtake/Documents/GitHub/openGLredBook9th/lib/glfw/include/GLFW/glfw3.h */,
				79A2A97A659C4C06A77690A3 /* /Users/samtake/Documents/GitHub/openGLredBook9th/lib/glfw/include/GLFW/glfw3native.h */,
				8A443D55FB1C449F99A8DD54 /* /Users/samtake/Documents/GitHub/openGLredBook9th/lib/glfw/src/cocoa_platform.h */,
				0ABDAFE37D754A949D6489B1 /* /Users/samtake/Documents/GitHub/openGLredBook9th/lib/glfw/src/internal.h */,
				2AFA3C15479B45719FD3CB30 /* /Users/samtake/Documents/GitHub/openGLredBook9th/lib/glfw/src/iokit_joystick.h */,
				F0898F052F324265AE4684D7 /* /Users/samtake/Documents/GitHub/openGLredBook9th/lib/glfw/src/nsgl_context.h */,
				041EDE6F51884C099AC4E99F /* /Users/samtake/Documents/GitHub/openGLredBook9th/lib/glfw/src/posix_tls.h */,
				25541631155D4B0BB9831C29 /* /Users/samtake/Documents/GitHub/openGLredBook9th/xcodeProj/lib/glfw/src/glfw_config.h */,
			);
			name = "Header Files";
			sourceTree = "<group>";
		};
		2F3A1879554C47EAA21A1AD8 = {
			isa = PBXGroup;
			children = (
				6DF4275979084AA39F840211 /* uninstall */,
				36AA800861FB4EC5B376D913 /* ALL_BUILD */,
				5014A7E47581420695790164 /* GLFW3 */,
				861F7432E334406AA4DCB715 /* Products */,
			);
			sourceTree = "<group>";
		};
		36AA800861FB4EC5B376D913 /* ALL_BUILD */ = {
			isa = PBXGroup;
			children = (
				5178D95794264EC6825E07C4 /* CMake Rules */,
				D9E99C9895A04523AB0D6DE0 /* /Users/samtake/Documents/GitHub/openGLredBook9th/lib/glfw/CMakeLists.txt */,
			);
			name = ALL_BUILD;
			sourceTree = "<group>";
		};
		5014A7E47581420695790164 /* GLFW3 */ = {
			isa = PBXGroup;
			children = (
				80AEE94BC060402D92252C06 /* glfw */,
			);
			name = GLFW3;
			sourceTree = "<group>";
		};
		5178D95794264EC6825E07C4 /* CMake Rules */ = {
			isa = PBXGroup;
			children = (
			);
			name = "CMake Rules";
			sourceTree = "<group>";
		};
		5A7C50DFAB104B468ABA6428 /* Source Files */ = {
			isa = PBXGroup;
			children = (
				0C2DB8CED662427390C767B6 /* /Users/samtake/Documents/GitHub/openGLredBook9th/lib/glfw/src/cocoa_init.m */,
				5F7B305A88544ADE9E0E5DD4 /* /Users/samtake/Documents/GitHub/openGLredBook9th/lib/glfw/src/cocoa_monitor.m */,
				9D25C317B5054160A9717004 /* /Users/samtake/Documents/GitHub/openGLredBook9th/lib/glfw/src/cocoa_window.m */,
				8527B0D4808243239A46A3D7 /* /Users/samtake/Documents/GitHub/openGLredBook9th/lib/glfw/src/context.c */,
				6913423DBC1C418FB2371C10 /* /Users/samtake/Documents/GitHub/openGLredBook9th/lib/glfw/src/init.c */,
				125F5639628A410798049193 /* /Users/samtake/Documents/GitHub/openGLredBook9th/lib/glfw/src/input.c */,
				A67E03F4676944AD9E30C4D1 /* /Users/samtake/Documents/GitHub/openGLredBook9th/lib/glfw/src/iokit_joystick.m */,
				20F636444FAB4269B8085571 /* /Users/samtake/Documents/GitHub/openGLredBook9th/lib/glfw/src/mach_time.c */,
				3FD17E8195CB47EC934F87E1 /* /Users/samtake/Documents/GitHub/openGLredBook9th/lib/glfw/src/monitor.c */,
				7899B96A1D824796AC774837 /* /Users/samtake/Documents/GitHub/openGLredBook9th/lib/glfw/src/nsgl_context.m */,
				EC7612637C2E4B0099FD3E1F /* /Users/samtake/Documents/GitHub/openGLredBook9th/lib/glfw/src/posix_tls.c */,
				AF362623F56F4AB4B2196843 /* /Users/samtake/Documents/GitHub/openGLredBook9th/lib/glfw/src/window.c */,
			);
			name = "Source Files";
			sourceTree = "<group>";
		};
		6DF4275979084AA39F840211 /* uninstall */ = {
			isa = PBXGroup;
			children = (
				2291C5F553E64173A37FA7AB /* CMake Rules */,
				47C81E12C384449BAC4D438C /* /Users/samtake/Documents/GitHub/openGLredBook9th/lib/glfw/CMakeLists.txt */,
			);
			name = uninstall;
			sourceTree = "<group>";
		};
		80AEE94BC060402D92252C06 /* glfw */ = {
			isa = PBXGroup;
			children = (
				5A7C50DFAB104B468ABA6428 /* Source Files */,
				2453F0986EDF4ED38C57ADF0 /* Header Files */,
				2BFCBEFB55CC49FB9495418A /* /Users/samtake/Documents/GitHub/openGLredBook9th/lib/glfw/src/CMakeLists.txt */,
			);
			name = glfw;
			sourceTree = "<group>";
		};
		861F7432E334406AA4DCB715 /* Products */ = {
			isa = PBXGroup;
			children = (
				1BFF7CCE32DE452F980E0F74 /* glfw */,
			);
			name = Products;
			sourceTree = "<group>";
		};
/* End PBXGroup section */

/* Begin PBXNativeTarget section */
		C0255A115CA64092A9DDE304 /* glfw */ = {
			isa = PBXNativeTarget;
			buildConfigurationList = 7AE9C7A3471E4723934D9E24 /* Build configuration list for PBXNativeTarget "glfw" */;
			buildPhases = (
				6FF1EFE2C6C44AEFBF9F8A7D /* Sources */,
			);
			buildRules = (
			);
			dependencies = (
			);
			name = glfw;
			productName = glfw;
			productReference = 1BFF7CCE32DE452F980E0F74 /* glfw */;
			productType = "com.apple.product-type.library.static";
		};
/* End PBXNativeTarget section */

/* Begin PBXProject section */
		755AE79B78D146ADABA113C0 /* Project object */ = {
			isa = PBXProject;
			attributes = {
				BuildIndependentTargetsInParallel = YES;
				LastUpgradeCheck = 1120;
			};
			buildConfigurationList = 5A0A3149AB1744BBAB63C285 /* Build configuration list for PBXProject "GLFW" */;
			buildSettings = {
			};
			buildStyles = (
				AFCE1497C7784A0DA296C061 /* Debug */,
				98FC66C3422A416BB4759B24 /* Release */,
				3B1157E941FA47388B2F3BE6 /* MinSizeRel */,
				A9776499878E44279A3DBA85 /* RelWithDebInfo */,
			);
			compatibilityVersion = "Xcode 3.2";
			hasScannedForEncodings = 0;
			mainGroup = 2F3A1879554C47EAA21A1AD8;
			projectDirPath = ../../../lib/glfw;
			projectRoot = "";
			targets = (
				12AD9B6C9537474B95C9D043 /* ALL_BUILD */,
				0538392E5607465E82FF05E5 /* ZERO_CHECK */,
				C0255A115CA64092A9DDE304 /* glfw */,
				8227F3B9C07F4996A8DC87D9 /* install */,
				A206882B953C454AAEF9A298 /* uninstall */,
			);
		};
/* End PBXProject section */

/* Begin PBXShellScriptBuildPhase section */
		02A9927AC89543279A14433B = {
			isa = PBXShellScriptBuildPhase;
			buildActionMask = 2147483647;
			files = (
			);
			inputPaths = (
			);
			outputPaths = (
			);
			runOnlyForDeploymentPostprocessing = 0;
			shellPath = /bin/sh;
			shellScript = "# shell script goes here
exit 0";
			showEnvVarsInLog = 0;
		};
		2B4868C7ED6B4E81A8A06E22 /* CMake Rules */ = {
			isa = PBXShellScriptBuildPhase;
			buildActionMask = 2147483647;
			files = (
			);
			name = "CMake Rules";
			runOnlyForDeploymentPostprocessing = 0;
			shellPath = /bin/sh;
			shellScript = "make -C /Users/samtake/Documents/GitHub/openGLredBook9th/xcodeProj/lib/glfw -f /Users/samtake/Documents/GitHub/openGLredBook9th/xcodeProj/lib/glfw/CMakeScripts/uninstall_cmakeRulesBuildPhase.make$CONFIGURATION OBJDIR=$(basename \"$OBJECT_FILE_DIR_normal\") all";
			showEnvVarsInLog = 0;
		};
		49EA6848EF2B4775B504F03F = {
			isa = PBXShellScriptBuildPhase;
			buildActionMask = 2147483647;
			files = (
			);
			inputPaths = (
			);
			outputPaths = (
			);
			runOnlyForDeploymentPostprocessing = 0;
			shellPath = /bin/sh;
			shellScript = "# shell script goes here
exit 0";
			showEnvVarsInLog = 0;
		};
		7B4A0807F51D4248AE675525 = {
			isa = PBXShellScriptBuildPhase;
			buildActionMask = 2147483647;
			files = (
			);
			inputPaths = (
			);
			outputPaths = (
			);
			runOnlyForDeploymentPostprocessing = 0;
			shellPath = /bin/sh;
			shellScript = "# shell script goes here
exit 0";
			showEnvVarsInLog = 0;
		};
		7BB00789D1374D1492F49E47 /* CMake Rules */ = {
			isa = PBXShellScriptBuildPhase;
			buildActionMask = 2147483647;
			files = (
			);
			name = "CMake Rules";
			runOnlyForDeploymentPostprocessing = 0;
			shellPath = /bin/sh;
			shellScript = "make -C /Users/samtake/Documents/GitHub/openGLredBook9th/xcodeProj/lib/glfw -f /Users/samtake/Documents/GitHub/openGLredBook9th/xcodeProj/lib/glfw/CMakeScripts/ALL_BUILD_cmakeRulesBuildPhase.make$CONFIGURATION OBJDIR=$(basename \"$OBJECT_FILE_DIR_normal\") all";
			showEnvVarsInLog = 0;
		};
		86B59E036666446A890E8B21 = {
			isa = PBXShellScriptBuildPhase;
			buildActionMask = 2147483647;
			files = (
			);
			inputPaths = (
			);
			outputPaths = (
			);
			runOnlyForDeploymentPostprocessing = 0;
			shellPath = /bin/sh;
			shellScript = "# shell script goes here
exit 0";
			showEnvVarsInLog = 0;
		};
		C5419B94238A4B81BE29A510 /* CMake PostBuild Rules */ = {
			isa = PBXShellScriptBuildPhase;
			buildActionMask = 2147483647;
			files = (
			);
			name = "CMake PostBuild Rules";
			runOnlyForDeploymentPostprocessing = 0;
			shellPath = /bin/sh;
			shellScript = "make -C /Users/samtake/Documents/GitHub/openGLredBook9th/xcodeProj/lib/glfw -f /Users/samtake/Documents/GitHub/openGLredBook9th/xcodeProj/lib/glfw/CMakeScripts/install_postBuildPhase.make$CONFIGURATION OBJDIR=$(basename \"$OBJECT_FILE_DIR_normal\") all";
			showEnvVarsInLog = 0;
		};
		F0EE2CC1AB204586A7C53CFC /* CMake Rules */ = {
			isa = PBXShellScriptBuildPhase;
			buildActionMask = 2147483647;
			files = (
			);
			name = "CMake Rules";
			runOnlyForDeploymentPostprocessing = 0;
			shellPath = /bin/sh;
			shellScript = "make -C /Users/samtake/Documents/GitHub/openGLredBook9th/xcodeProj/lib/glfw -f /Users/samtake/Documents/GitHub/openGLredBook9th/xcodeProj/lib/glfw/CMakeScripts/ZERO_CHECK_cmakeRulesBuildPhase.make$CONFIGURATION OBJDIR=$(basename \"$OBJECT_FILE_DIR_normal\") all";
			showEnvVarsInLog = 0;
		};
/* End PBXShellScriptBuildPhase section */

/* Begin PBXSourcesBuildPhase section */
		6FF1EFE2C6C44AEFBF9F8A7D /* Sources */ = {
			isa = PBXSourcesBuildPhase;
			buildActionMask = 2147483647;
			files = (
				CFA98E4205B643E781998492 /* /Users/samtake/Documents/GitHub/openGLredBook9th/lib/glfw/src/cocoa_init.m */,
				73E367E151014E7B9E39B4D4 /* /Users/samtake/Documents/GitHub/openGLredBook9th/lib/glfw/src/cocoa_monitor.m */,
				657E9860BFE24672B30CD6B6 /* /Users/samtake/Documents/GitHub/openGLredBook9th/lib/glfw/src/cocoa_window.m */,
				018AD4BF9F244A2796C682FC /* /Users/samtake/Documents/GitHub/openGLredBook9th/lib/glfw/src/context.c */,
				78A2E6C45B1A4177BEC676C5 /* /Users/samtake/Documents/GitHub/openGLredBook9th/lib/glfw/src/init.c */,
				D52598F87D704B78B41E19F4 /* /Users/samtake/Documents/GitHub/openGLredBook9th/lib/glfw/src/input.c */,
				099839E7C9AB459E8F38266A /* /Users/samtake/Documents/GitHub/openGLredBook9th/lib/glfw/src/iokit_joystick.m */,
				46C0905DE52D44C5912FD991 /* /Users/samtake/Documents/GitHub/openGLredBook9th/lib/glfw/src/mach_time.c */,
				1C18BEE0499D40369A470E7E /* /Users/samtake/Documents/GitHub/openGLredBook9th/lib/glfw/src/monitor.c */,
				D2B3D4C0E95242E5BC98E0AE /* /Users/samtake/Documents/GitHub/openGLredBook9th/lib/glfw/src/nsgl_context.m */,
				B03CE746BD9D4E7485475046 /* /Users/samtake/Documents/GitHub/openGLredBook9th/lib/glfw/src/posix_tls.c */,
				E719943CCC604D5CA45D0A49 /* /Users/samtake/Documents/GitHub/openGLredBook9th/lib/glfw/src/window.c */,
			);
			runOnlyForDeploymentPostprocessing = 0;
		};
/* End PBXSourcesBuildPhase section */

/* Begin PBXTargetDependency section */
		355B2DDC1E68438B86C6069C /* PBXTargetDependency */ = {
			isa = PBXTargetDependency;
			target = 0538392E5607465E82FF05E5 /* ZERO_CHECK */;
			targetProxy = 4CED32E5EADF48F1A7B41B5C /* PBXContainerItemProxy */;
		};
		3942193DB5A94AD385F32334 /* PBXTargetDependency */ = {
			isa = PBXTargetDependency;
			target = 12AD9B6C9537474B95C9D043 /* ALL_BUILD */;
			targetProxy = E9D762FBEDA74AD7A1C78E64 /* PBXContainerItemProxy */;
		};
		3C517BD8BADE4A0D8AAB82EC /* PBXTargetDependency */ = {
			isa = PBXTargetDependency;
			target = 0538392E5607465E82FF05E5 /* ZERO_CHECK */;
			targetProxy = 665A234E160843BD859BADA5 /* PBXContainerItemProxy */;
		};
		743F47BAC08741F8AF7B517C /* PBXTargetDependency */ = {
			isa = PBXTargetDependency;
			target = C0255A115CA64092A9DDE304 /* glfw */;
			targetProxy = B179B83F259B419193B8947B /* PBXContainerItemProxy */;
		};
/* End PBXTargetDependency section */

/* Begin XCBuildConfiguration section */
		13A4C61741D44468A46435C2 /* Debug */ = {
			isa = XCBuildConfiguration;
			buildSettings = {
				MACOSX_DEPLOYMENT_TARGET = 10.14;
				ONLY_ACTIVE_ARCH = YES;
				SDKROOT = /Applications/Xcode.app/Contents/Developer/Platforms/MacOSX.platform/Developer/SDKs/MacOSX10.15.sdk;
				SYMROOT = /Users/samtake/Documents/GitHub/openGLredBook9th/xcodeProj/lib/glfw/build;
			};
			name = Debug;
		};
		251F9DFF6DE0422386C37B0D /* Release */ = {
			isa = XCBuildConfiguration;
			buildSettings = {
				COMBINE_HIDPI_IMAGES = YES;
				GCC_GENERATE_DEBUGGING_SYMBOLS = YES;
				GCC_INLINES_ARE_PRIVATE_EXTERN = NO;
				GCC_OPTIMIZATION_LEVEL = 0;
				GCC_PREPROCESSOR_DEFINITIONS = ("'CMAKE_INTDIR=\"$(CONFIGURATION)$(EFFECTIVE_PLATFORM_NAME)\"'");
				GCC_SYMBOLS_PRIVATE_EXTERN = NO;
				INSTALL_PATH = "";
				OTHER_LDFLAGS = " ";
				OTHER_REZFLAGS = "";
				PRODUCT_NAME = uninstall;
				SECTORDER_FLAGS = "";
				SYMROOT = /Users/samtake/Documents/GitHub/openGLredBook9th/xcodeProj/lib/glfw;
				USE_HEADERMAP = NO;
				WARNING_CFLAGS = ("$(inherited)");
			};
			name = Release;
		};
		2B758FE2703048B3BC32AF85 /* MinSizeRel */ = {
			isa = XCBuildConfiguration;
			buildSettings = {
				MACOSX_DEPLOYMENT_TARGET = 10.14;
				ONLY_ACTIVE_ARCH = YES;
				SDKROOT = /Applications/Xcode.app/Contents/Developer/Platforms/MacOSX.platform/Developer/SDKs/MacOSX10.15.sdk;
				SYMROOT = /Users/samtake/Documents/GitHub/openGLredBook9th/xcodeProj/lib/glfw/build;
			};
			name = MinSizeRel;
		};
		330A4B17D3BC48D4A3622C13 /* RelWithDebInfo */ = {
			isa = XCBuildConfiguration;
			buildSettings = {
				COMBINE_HIDPI_IMAGES = YES;
				GCC_GENERATE_DEBUGGING_SYMBOLS = YES;
				GCC_INLINES_ARE_PRIVATE_EXTERN = NO;
				GCC_OPTIMIZATION_LEVEL = 0;
				GCC_PREPROCESSOR_DEFINITIONS = ("'CMAKE_INTDIR=\"$(CONFIGURATION)$(EFFECTIVE_PLATFORM_NAME)\"'");
				GCC_SYMBOLS_PRIVATE_EXTERN = NO;
				INSTALL_PATH = "";
				OTHER_LDFLAGS = " ";
				OTHER_REZFLAGS = "";
				PRODUCT_NAME = uninstall;
				SECTORDER_FLAGS = "";
				SYMROOT = /Users/samtake/Documents/GitHub/openGLredBook9th/xcodeProj/lib/glfw;
				USE_HEADERMAP = NO;
				WARNING_CFLAGS = ("$(inherited)");
			};
			name = RelWithDebInfo;
		};
		461C8371D04F4D468A4B5F17 /* Release */ = {
			isa = XCBuildConfiguration;
			buildSettings = {
				COMBINE_HIDPI_IMAGES = YES;
				GCC_GENERATE_DEBUGGING_SYMBOLS = YES;
				GCC_INLINES_ARE_PRIVATE_EXTERN = NO;
				GCC_OPTIMIZATION_LEVEL = 0;
				GCC_PREPROCESSOR_DEFINITIONS = ("'CMAKE_INTDIR=\"$(CONFIGURATION)$(EFFECTIVE_PLATFORM_NAME)\"'");
				GCC_SYMBOLS_PRIVATE_EXTERN = NO;
				INSTALL_PATH = "";
				OTHER_LDFLAGS = " ";
				OTHER_REZFLAGS = "";
				PRODUCT_NAME = ALL_BUILD;
				SECTORDER_FLAGS = "";
				SYMROOT = /Users/samtake/Documents/GitHub/openGLredBook9th/xcodeProj/lib/glfw;
				USE_HEADERMAP = NO;
				WARNING_CFLAGS = ("$(inherited)");
			};
			name = Release;
		};
		551706F480414C89B54E2218 /* Release */ = {
			isa = XCBuildConfiguration;
			buildSettings = {
				COMBINE_HIDPI_IMAGES = YES;
				GCC_GENERATE_DEBUGGING_SYMBOLS = YES;
				GCC_INLINES_ARE_PRIVATE_EXTERN = NO;
				GCC_OPTIMIZATION_LEVEL = 0;
				GCC_PREPROCESSOR_DEFINITIONS = ("'CMAKE_INTDIR=\"$(CONFIGURATION)$(EFFECTIVE_PLATFORM_NAME)\"'");
				GCC_SYMBOLS_PRIVATE_EXTERN = NO;
				INSTALL_PATH = "";
				OTHER_LDFLAGS = " ";
				OTHER_REZFLAGS = "";
				PRODUCT_NAME = install;
				SECTORDER_FLAGS = "";
				SYMROOT = /Users/samtake/Documents/GitHub/openGLredBook9th/xcodeProj/lib/glfw;
				USE_HEADERMAP = NO;
				WARNING_CFLAGS = ("$(inherited)");
			};
			name = Release;
		};
		555A0C4C898843DC939F9123 /* RelWithDebInfo */ = {
			isa = XCBuildConfiguration;
			buildSettings = {
				COMBINE_HIDPI_IMAGES = YES;
				GCC_GENERATE_DEBUGGING_SYMBOLS = YES;
				GCC_INLINES_ARE_PRIVATE_EXTERN = NO;
				GCC_OPTIMIZATION_LEVEL = 0;
				GCC_PREPROCESSOR_DEFINITIONS = ("'CMAKE_INTDIR=\"$(CONFIGURATION)$(EFFECTIVE_PLATFORM_NAME)\"'");
				GCC_SYMBOLS_PRIVATE_EXTERN = NO;
				INSTALL_PATH = "";
				OTHER_LDFLAGS = " ";
				OTHER_REZFLAGS = "";
				PRODUCT_NAME = ALL_BUILD;
				SECTORDER_FLAGS = "";
				SYMROOT = /Users/samtake/Documents/GitHub/openGLredBook9th/xcodeProj/lib/glfw;
				USE_HEADERMAP = NO;
				WARNING_CFLAGS = ("$(inherited)");
			};
			name = RelWithDebInfo;
		};
		60017701DDF245278CF297AE /* Release */ = {
			isa = XCBuildConfiguration;
			buildSettings = {
				COMBINE_HIDPI_IMAGES = YES;
				CONFIGURATION_BUILD_DIR = /Users/samtake/Documents/GitHub/openGLredBook9th/lib;
				EXECUTABLE_PREFIX = lib;
				EXECUTABLE_SUFFIX = .a;
				GCC_GENERATE_DEBUGGING_SYMBOLS = NO;
				GCC_INLINES_ARE_PRIVATE_EXTERN = NO;
				GCC_OPTIMIZATION_LEVEL = 3;
				GCC_PREPROCESSOR_DEFINITIONS = ("'CMAKE_INTDIR=\"$(CONFIGURATION)$(EFFECTIVE_PLATFORM_NAME)\"'",_GLFW_USE_CONFIG_H);
				GCC_SYMBOLS_PRIVATE_EXTERN = NO;
				HEADER_SEARCH_PATHS = (/Users/samtake/Documents/GitHub/openGLredBook9th/include,/Users/samtake/Documents/GitHub/openGLredBook9th/lib/glfw/include,/Users/samtake/Documents/GitHub/openGLredBook9th/lib/glfw/src,/Users/samtake/Documents/GitHub/openGLredBook9th/xcodeProj/lib/glfw/src);
				INSTALL_PATH = "";
				LIBRARY_STYLE = STATIC;
				OTHER_CFLAGS = "    -DNDEBUG -fPIC   -Wall";
				OTHER_LIBTOOLFLAGS = " ";
				OTHER_REZFLAGS = "";
				PRODUCT_NAME = glfw3;
				SECTORDER_FLAGS = "";
				SYMROOT = /Users/samtake/Documents/GitHub/openGLredBook9th/xcodeProj/lib/glfw/src;
				USE_HEADERMAP = NO;
				WARNING_CFLAGS = ("$(inherited)");
			};
			name = Release;
		};
		75190D8C014D46ABA6F350CC /* Release */ = {
			isa = XCBuildConfiguration;
			buildSettings = {
				MACOSX_DEPLOYMENT_TARGET = 10.14;
				ONLY_ACTIVE_ARCH = YES;
				SDKROOT = /Applications/Xcode.app/Contents/Developer/Platforms/MacOSX.platform/Developer/SDKs/MacOSX10.15.sdk;
				SYMROOT = /Users/samtake/Documents/GitHub/openGLredBook9th/xcodeProj/lib/glfw/build;
			};
			name = Release;
		};
		79DCE98BDF614BFABE0A9054 /* MinSizeRel */ = {
			isa = XCBuildConfiguration;
			buildSettings = {
				COMBINE_HIDPI_IMAGES = YES;
				GCC_GENERATE_DEBUGGING_SYMBOLS = YES;
				GCC_INLINES_ARE_PRIVATE_EXTERN = NO;
				GCC_OPTIMIZATION_LEVEL = 0;
				GCC_PREPROCESSOR_DEFINITIONS = ("'CMAKE_INTDIR=\"$(CONFIGURATION)$(EFFECTIVE_PLATFORM_NAME)\"'");
				GCC_SYMBOLS_PRIVATE_EXTERN = NO;
				INSTALL_PATH = "";
				OTHER_LDFLAGS = " ";
				OTHER_REZFLAGS = "";
				PRODUCT_NAME = install;
				SECTORDER_FLAGS = "";
				SYMROOT = /Users/samtake/Documents/GitHub/openGLredBook9th/xcodeProj/lib/glfw;
				USE_HEADERMAP = NO;
				WARNING_CFLAGS = ("$(inherited)");
			};
			name = MinSizeRel;
		};
		8A0A7753268C47289AAE7086 /* MinSizeRel */ = {
			isa = XCBuildConfiguration;
			buildSettings = {
				COMBINE_HIDPI_IMAGES = YES;
				CONFIGURATION_BUILD_DIR = /Users/samtake/Documents/GitHub/openGLredBook9th/lib;
				EXECUTABLE_PREFIX = lib;
				EXECUTABLE_SUFFIX = .a;
				GCC_GENERATE_DEBUGGING_SYMBOLS = NO;
				GCC_INLINES_ARE_PRIVATE_EXTERN = NO;
				GCC_OPTIMIZATION_LEVEL = s;
				GCC_PREPROCESSOR_DEFINITIONS = ("'CMAKE_INTDIR=\"$(CONFIGURATION)$(EFFECTIVE_PLATFORM_NAME)\"'",_GLFW_USE_CONFIG_H);
				GCC_SYMBOLS_PRIVATE_EXTERN = NO;
				HEADER_SEARCH_PATHS = (/Users/samtake/Documents/GitHub/openGLredBook9th/include,/Users/samtake/Documents/GitHub/openGLredBook9th/lib/glfw/include,/Users/samtake/Documents/GitHub/openGLredBook9th/lib/glfw/src,/Users/samtake/Documents/GitHub/openGLredBook9th/xcodeProj/lib/glfw/src);
				INSTALL_PATH = "";
				LIBRARY_STYLE = STATIC;
				OTHER_CFLAGS = "    -DNDEBUG -fPIC   -Wall";
				OTHER_LIBTOOLFLAGS = " ";
				OTHER_REZFLAGS = "";
				PRODUCT_NAME = glfw3;
				SECTORDER_FLAGS = "";
				SYMROOT = /Users/samtake/Documents/GitHub/openGLredBook9th/xcodeProj/lib/glfw/src;
				USE_HEADERMAP = NO;
				WARNING_CFLAGS = ("$(inherited)");
			};
			name = MinSizeRel;
		};
		8B0FF4DA802A4AE7AE6B81ED /* Debug */ = {
			isa = XCBuildConfiguration;
			buildSettings = {
				COMBINE_HIDPI_IMAGES = YES;
				GCC_GENERATE_DEBUGGING_SYMBOLS = YES;
				GCC_INLINES_ARE_PRIVATE_EXTERN = NO;
				GCC_OPTIMIZATION_LEVEL = 0;
				GCC_PREPROCESSOR_DEFINITIONS = ("'CMAKE_INTDIR=\"$(CONFIGURATION)$(EFFECTIVE_PLATFORM_NAME)\"'");
				GCC_SYMBOLS_PRIVATE_EXTERN = NO;
				INSTALL_PATH = "";
				OTHER_LDFLAGS = " ";
				OTHER_REZFLAGS = "";
				PRODUCT_NAME = install;
				SECTORDER_FLAGS = "";
				SYMROOT = /Users/samtake/Documents/GitHub/openGLredBook9th/xcodeProj/lib/glfw;
				USE_HEADERMAP = NO;
				WARNING_CFLAGS = ("$(inherited)");
			};
			name = Debug;
		};
		9E94CB83DFDA4940B51CA293 /* Debug */ = {
			isa = XCBuildConfiguration;
			buildSettings = {
				COMBINE_HIDPI_IMAGES = YES;
				GCC_GENERATE_DEBUGGING_SYMBOLS = YES;
				GCC_INLINES_ARE_PRIVATE_EXTERN = NO;
				GCC_OPTIMIZATION_LEVEL = 0;
				GCC_PREPROCESSOR_DEFINITIONS = ("'CMAKE_INTDIR=\"$(CONFIGURATION)$(EFFECTIVE_PLATFORM_NAME)\"'");
				GCC_SYMBOLS_PRIVATE_EXTERN = NO;
				INSTALL_PATH = "";
				OTHER_LDFLAGS = " ";
				OTHER_REZFLAGS = "";
				PRODUCT_NAME = uninstall;
				SECTORDER_FLAGS = "";
				SYMROOT = /Users/samtake/Documents/GitHub/openGLredBook9th/xcodeProj/lib/glfw;
				USE_HEADERMAP = NO;
				WARNING_CFLAGS = ("$(inherited)");
			};
			name = Debug;
		};
		9FD672E218F744FDAAEA531C /* RelWithDebInfo */ = {
			isa = XCBuildConfiguration;
			buildSettings = {
				COMBINE_HIDPI_IMAGES = YES;
				CONFIGURATION_BUILD_DIR = /Users/samtake/Documents/GitHub/openGLredBook9th/lib;
				EXECUTABLE_PREFIX = lib;
				EXECUTABLE_SUFFIX = .a;
				GCC_GENERATE_DEBUGGING_SYMBOLS = YES;
				GCC_INLINES_ARE_PRIVATE_EXTERN = NO;
				GCC_OPTIMIZATION_LEVEL = 2;
				GCC_PREPROCESSOR_DEFINITIONS = ("'CMAKE_INTDIR=\"$(CONFIGURATION)$(EFFECTIVE_PLATFORM_NAME)\"'",_GLFW_USE_CONFIG_H);
				GCC_SYMBOLS_PRIVATE_EXTERN = NO;
				HEADER_SEARCH_PATHS = (/Users/samtake/Documents/GitHub/openGLredBook9th/include,/Users/samtake/Documents/GitHub/openGLredBook9th/lib/glfw/include,/Users/samtake/Documents/GitHub/openGLredBook9th/lib/glfw/src,/Users/samtake/Documents/GitHub/openGLredBook9th/xcodeProj/lib/glfw/src);
				INSTALL_PATH = "";
				LIBRARY_STYLE = STATIC;
				OTHER_CFLAGS = "       -DNDEBUG -fPIC   -Wall";
				OTHER_LIBTOOLFLAGS = " ";
				OTHER_REZFLAGS = "";
				PRODUCT_NAME = glfw3;
				SECTORDER_FLAGS = "";
				SYMROOT = /Users/samtake/Documents/GitHub/openGLredBook9th/xcodeProj/lib/glfw/src;
				USE_HEADERMAP = NO;
				WARNING_CFLAGS = ("$(inherited)");
			};
			name = RelWithDebInfo;
		};
		A5E5F8648EA742FC9B7C2F72 /* MinSizeRel */ = {
			isa = XCBuildConfiguration;
			buildSettings = {
				COMBINE_HIDPI_IMAGES = YES;
				GCC_GENERATE_DEBUGGING_SYMBOLS = YES;
				GCC_INLINES_ARE_PRIVATE_EXTERN = NO;
				GCC_OPTIMIZATION_LEVEL = 0;
				GCC_PREPROCESSOR_DEFINITIONS = ("'CMAKE_INTDIR=\"$(CONFIGURATION)$(EFFECTIVE_PLATFORM_NAME)\"'");
				GCC_SYMBOLS_PRIVATE_EXTERN = NO;
				INSTALL_PATH = "";
				OTHER_LDFLAGS = " ";
				OTHER_REZFLAGS = "";
				PRODUCT_NAME = ALL_BUILD;
				SECTORDER_FLAGS = "";
				SYMROOT = /Users/samtake/Documents/GitHub/openGLredBook9th/xcodeProj/lib/glfw;
				USE_HEADERMAP = NO;
				WARNING_CFLAGS = ("$(inherited)");
			};
			name = MinSizeRel;
		};
		A9193944B34148C9B3F5D8CE /* MinSizeRel */ = {
			isa = XCBuildConfiguration;
			buildSettings = {
				COMBINE_HIDPI_IMAGES = YES;
				GCC_GENERATE_DEBUGGING_SYMBOLS = YES;
				GCC_INLINES_ARE_PRIVATE_EXTERN = NO;
				GCC_OPTIMIZATION_LEVEL = 0;
				GCC_PREPROCESSOR_DEFINITIONS = ("'CMAKE_INTDIR=\"$(CONFIGURATION)$(EFFECTIVE_PLATFORM_NAME)\"'");
				GCC_SYMBOLS_PRIVATE_EXTERN = NO;
				INSTALL_PATH = "";
				OTHER_LDFLAGS = " ";
				OTHER_REZFLAGS = "";
				PRODUCT_NAME = uninstall;
				SECTORDER_FLAGS = "";
				SYMROOT = /Users/samtake/Documents/GitHub/openGLredBook9th/xcodeProj/lib/glfw;
				USE_HEADERMAP = NO;
				WARNING_CFLAGS = ("$(inherited)");
			};
			name = MinSizeRel;
		};
		B81BE8BB9EB641148C845D35 /* Release */ = {
			isa = XCBuildConfiguration;
			buildSettings = {
				COMBINE_HIDPI_IMAGES = YES;
				GCC_GENERATE_DEBUGGING_SYMBOLS = YES;
				GCC_INLINES_ARE_PRIVATE_EXTERN = NO;
				GCC_OPTIMIZATION_LEVEL = 0;
				GCC_PREPROCESSOR_DEFINITIONS = ("'CMAKE_INTDIR=\"$(CONFIGURATION)$(EFFECTIVE_PLATFORM_NAME)\"'");
				GCC_SYMBOLS_PRIVATE_EXTERN = NO;
				INSTALL_PATH = "";
				OTHER_LDFLAGS = " ";
				OTHER_REZFLAGS = "";
				PRODUCT_NAME = ZERO_CHECK;
				SECTORDER_FLAGS = "";
				SYMROOT = /Users/samtake/Documents/GitHub/openGLredBook9th/xcodeProj/lib/glfw;
				USE_HEADERMAP = NO;
				WARNING_CFLAGS = ("$(inherited)");
			};
			name = Release;
		};
		BB92426C0C144BEE85620804 /* Debug */ = {
			isa = XCBuildConfiguration;
			buildSettings = {
				COMBINE_HIDPI_IMAGES = YES;
				CONFIGURATION_BUILD_DIR = /Users/samtake/Documents/GitHub/openGLredBook9th/lib;
				EXECUTABLE_PREFIX = lib;
				EXECUTABLE_SUFFIX = .a;
				GCC_GENERATE_DEBUGGING_SYMBOLS = YES;
				GCC_INLINES_ARE_PRIVATE_EXTERN = NO;
				GCC_OPTIMIZATION_LEVEL = 0;
				GCC_PREPROCESSOR_DEFINITIONS = ("'CMAKE_INTDIR=\"$(CONFIGURATION)$(EFFECTIVE_PLATFORM_NAME)\"'",_GLFW_USE_CONFIG_H);
				GCC_SYMBOLS_PRIVATE_EXTERN = NO;
				HEADER_SEARCH_PATHS = (/Users/samtake/Documents/GitHub/openGLredBook9th/include,/Users/samtake/Documents/GitHub/openGLredBook9th/lib/glfw/include,/Users/samtake/Documents/GitHub/openGLredBook9th/lib/glfw/src,/Users/samtake/Documents/GitHub/openGLredBook9th/xcodeProj/lib/glfw/src);
				INSTALL_PATH = "";
				LIBRARY_STYLE = STATIC;
				OTHER_CFLAGS = "   -fPIC   -Wall";
				OTHER_LIBTOOLFLAGS = " ";
				OTHER_REZFLAGS = "";
				PRODUCT_NAME = glfw3_d;
				SECTORDER_FLAGS = "";
				SYMROOT = /Users/samtake/Documents/GitHub/openGLredBook9th/xcodeProj/lib/glfw/src;
				USE_HEADERMAP = NO;
				WARNING_CFLAGS = ("$(inherited)");
			};
			name = Debug;
		};
		BEA9329309D24EF4AD3F582A /* RelWithDebInfo */ = {
			isa = XCBuildConfiguration;
			buildSettings = {
				COMBINE_HIDPI_IMAGES = YES;
				GCC_GENERATE_DEBUGGING_SYMBOLS = YES;
				GCC_INLINES_ARE_PRIVATE_EXTERN = NO;
				GCC_OPTIMIZATION_LEVEL = 0;
				GCC_PREPROCESSOR_DEFINITIONS = ("'CMAKE_INTDIR=\"$(CONFIGURATION)$(EFFECTIVE_PLATFORM_NAME)\"'");
				GCC_SYMBOLS_PRIVATE_EXTERN = NO;
				INSTALL_PATH = "";
				OTHER_LDFLAGS = " ";
				OTHER_REZFLAGS = "";
				PRODUCT_NAME = install;
				SECTORDER_FLAGS = "";
				SYMROOT = /Users/samtake/Documents/GitHub/openGLredBook9th/xcodeProj/lib/glfw;
				USE_HEADERMAP = NO;
				WARNING_CFLAGS = ("$(inherited)");
			};
			name = RelWithDebInfo;
		};
		E8E1DD2036314AB296A05102 /* MinSizeRel */ = {
			isa = XCBuildConfiguration;
			buildSettings = {
				COMBINE_HIDPI_IMAGES = YES;
				GCC_GENERATE_DEBUGGING_SYMBOLS = YES;
				GCC_INLINES_ARE_PRIVATE_EXTERN = NO;
				GCC_OPTIMIZATION_LEVEL = 0;
				GCC_PREPROCESSOR_DEFINITIONS = ("'CMAKE_INTDIR=\"$(CONFIGURATION)$(EFFECTIVE_PLATFORM_NAME)\"'");
				GCC_SYMBOLS_PRIVATE_EXTERN = NO;
				INSTALL_PATH = "";
				OTHER_LDFLAGS = " ";
				OTHER_REZFLAGS = "";
				PRODUCT_NAME = ZERO_CHECK;
				SECTORDER_FLAGS = "";
				SYMROOT = /Users/samtake/Documents/GitHub/openGLredBook9th/xcodeProj/lib/glfw;
				USE_HEADERMAP = NO;
				WARNING_CFLAGS = ("$(inherited)");
			};
			name = MinSizeRel;
		};
		ED798D51A6024CD19DFF48F9 /* Debug */ = {
			isa = XCBuildConfiguration;
			buildSettings = {
				COMBINE_HIDPI_IMAGES = YES;
				GCC_GENERATE_DEBUGGING_SYMBOLS = YES;
				GCC_INLINES_ARE_PRIVATE_EXTERN = NO;
				GCC_OPTIMIZATION_LEVEL = 0;
				GCC_PREPROCESSOR_DEFINITIONS = ("'CMAKE_INTDIR=\"$(CONFIGURATION)$(EFFECTIVE_PLATFORM_NAME)\"'");
				GCC_SYMBOLS_PRIVATE_EXTERN = NO;
				INSTALL_PATH = "";
				OTHER_LDFLAGS = " ";
				OTHER_REZFLAGS = "";
				PRODUCT_NAME = ALL_BUILD;
				SECTORDER_FLAGS = "";
				SYMROOT = /Users/samtake/Documents/GitHub/openGLredBook9th/xcodeProj/lib/glfw;
				USE_HEADERMAP = NO;
				WARNING_CFLAGS = ("$(inherited)");
			};
			name = Debug;
		};
		F7DFE0D40F564FA79079DA7E /* RelWithDebInfo */ = {
			isa = XCBuildConfiguration;
			buildSettings = {
				MACOSX_DEPLOYMENT_TARGET = 10.14;
				ONLY_ACTIVE_ARCH = YES;
				SDKROOT = /Applications/Xcode.app/Contents/Developer/Platforms/MacOSX.platform/Developer/SDKs/MacOSX10.15.sdk;
				SYMROOT = /Users/samtake/Documents/GitHub/openGLredBook9th/xcodeProj/lib/glfw/build;
			};
			name = RelWithDebInfo;
		};
		F838D04F559B4F5D81A7FF4A /* Debug */ = {
			isa = XCBuildConfiguration;
			buildSettings = {
				COMBINE_HIDPI_IMAGES = YES;
				GCC_GENERATE_DEBUGGING_SYMBOLS = YES;
				GCC_INLINES_ARE_PRIVATE_EXTERN = NO;
				GCC_OPTIMIZATION_LEVEL = 0;
				GCC_PREPROCESSOR_DEFINITIONS = ("'CMAKE_INTDIR=\"$(CONFIGURATION)$(EFFECTIVE_PLATFORM_NAME)\"'");
				GCC_SYMBOLS_PRIVATE_EXTERN = NO;
				INSTALL_PATH = "";
				OTHER_LDFLAGS = " ";
				OTHER_REZFLAGS = "";
				PRODUCT_NAME = ZERO_CHECK;
				SECTORDER_FLAGS = "";
				SYMROOT = /Users/samtake/Documents/GitHub/openGLredBook9th/xcodeProj/lib/glfw;
				USE_HEADERMAP = NO;
				WARNING_CFLAGS = ("$(inherited)");
			};
			name = Debug;
		};
		FBFFEAACBFE1428CA5F6FCD8 /* RelWithDebInfo */ = {
			isa = XCBuildConfiguration;
			buildSettings = {
				COMBINE_HIDPI_IMAGES = YES;
				GCC_GENERATE_DEBUGGING_SYMBOLS = YES;
				GCC_INLINES_ARE_PRIVATE_EXTERN = NO;
				GCC_OPTIMIZATION_LEVEL = 0;
				GCC_PREPROCESSOR_DEFINITIONS = ("'CMAKE_INTDIR=\"$(CONFIGURATION)$(EFFECTIVE_PLATFORM_NAME)\"'");
				GCC_SYMBOLS_PRIVATE_EXTERN = NO;
				INSTALL_PATH = "";
				OTHER_LDFLAGS = " ";
				OTHER_REZFLAGS = "";
				PRODUCT_NAME = ZERO_CHECK;
				SECTORDER_FLAGS = "";
				SYMROOT = /Users/samtake/Documents/GitHub/openGLredBook9th/xcodeProj/lib/glfw;
				USE_HEADERMAP = NO;
				WARNING_CFLAGS = ("$(inherited)");
			};
			name = RelWithDebInfo;
		};
/* End XCBuildConfiguration section */

/* Begin XCConfigurationList section */
		33F4EB8D2DBB4037BE2A6DF5 /* Build configuration list for PBXAggregateTarget "uninstall" */ = {
			isa = XCConfigurationList;
			buildConfigurations = (
				9E94CB83DFDA4940B51CA293 /* Debug */,
				251F9DFF6DE0422386C37B0D /* Release */,
				A9193944B34148C9B3F5D8CE /* MinSizeRel */,
				330A4B17D3BC48D4A3622C13 /* RelWithDebInfo */,
			);
			defaultConfigurationIsVisible = 0;
			defaultConfigurationName = Debug;
		};
		5A0A3149AB1744BBAB63C285 /* Build configuration list for PBXProject "GLFW" */ = {
			isa = XCConfigurationList;
			buildConfigurations = (
				13A4C61741D44468A46435C2 /* Debug */,
				75190D8C014D46ABA6F350CC /* Release */,
				2B758FE2703048B3BC32AF85 /* MinSizeRel */,
				F7DFE0D40F564FA79079DA7E /* RelWithDebInfo */,
			);
			defaultConfigurationIsVisible = 0;
			defaultConfigurationName = Debug;
		};
		7AE9C7A3471E4723934D9E24 /* Build configuration list for PBXNativeTarget "glfw" */ = {
			isa = XCConfigurationList;
			buildConfigurations = (
				BB92426C0C144BEE85620804 /* Debug */,
				60017701DDF245278CF297AE /* Release */,
				8A0A7753268C47289AAE7086 /* MinSizeRel */,
				9FD672E218F744FDAAEA531C /* RelWithDebInfo */,
			);
			defaultConfigurationIsVisible = 0;
			defaultConfigurationName = Debug;
		};
		9049DCB04BE145A4967F8EAB /* Build configuration list for PBXAggregateTarget "install" */ = {
			isa = XCConfigurationList;
			buildConfigurations = (
				8B0FF4DA802A4AE7AE6B81ED /* Debug */,
				551706F480414C89B54E2218 /* Release */,
				79DCE98BDF614BFABE0A9054 /* MinSizeRel */,
				BEA9329309D24EF4AD3F582A /* RelWithDebInfo */,
			);
			defaultConfigurationIsVisible = 0;
			defaultConfigurationName = Debug;
		};
		AE80A10011F84C07B57BE0A8 /* Build configuration list for PBXAggregateTarget "ZERO_CHECK" */ = {
			isa = XCConfigurationList;
			buildConfigurations = (
				F838D04F559B4F5D81A7FF4A /* Debug */,
				B81BE8BB9EB641148C845D35 /* Release */,
				E8E1DD2036314AB296A05102 /* MinSizeRel */,
				FBFFEAACBFE1428CA5F6FCD8 /* RelWithDebInfo */,
			);
			defaultConfigurationIsVisible = 0;
			defaultConfigurationName = Debug;
		};
		F99B22A451C04F06A35E0262 /* Build configuration list for PBXAggregateTarget "ALL_BUILD" */ = {
			isa = XCConfigurationList;
			buildConfigurations = (
				ED798D51A6024CD19DFF48F9 /* Debug */,
				461C8371D04F4D468A4B5F17 /* Release */,
				A5E5F8648EA742FC9B7C2F72 /* MinSizeRel */,
				555A0C4C898843DC939F9123 /* RelWithDebInfo */,
			);
			defaultConfigurationIsVisible = 0;
			defaultConfigurationName = Debug;
		};
/* End XCConfigurationList section */
	};
	rootObject = 755AE79B78D146ADABA113C0 /* Project object */;
}
